
Microsoft Visual Studio Solution File, Format Version 12.00
# Visual Studio Version 17
VisualStudioVersion = 17.7.34031.279
MinimumVisualStudioVersion = 10.0.40219.1
Project("{FAE04EC0-301F-11D3-BF4B-00C04F79EFBC}") = "GA_2_Matthew_Vargas", "GA_2_Matthew_Vargas\GA_2_Matthew_Vargas.csproj", "{AD69C5AC-9D30-42CF-A20D-A568A742941B}"
EndProject
Global
	GlobalSection(SolutionConfigurationPlatforms) = preSolution
		Debug|Any CPU = Debug|Any CPU
		Release|Any CPU = Release|Any CPU
	EndGlobalSection
	GlobalSection(ProjectConfigurationPlatforms) = postSolution
		{AD69C5AC-9D30-42CF-A20D-A568A742941B}.Debug|Any CPU.ActiveCfg = Debug|Any CPU
		{AD69C5AC-9D30-42CF-A20D-A568A742941B}.Debug|Any CPU.Build.0 = Debug|Any CPU
		{AD69C5AC-9D30-42CF-A20D-A568A742941B}.Release|Any CPU.ActiveCfg = Release|Any CPU
		{AD69C5AC-9D30-42CF-A20D-A568A742941B}.Release|Any CPU.Build.0 = Release|Any CPU
	EndGlobalSection
	GlobalSection(SolutionProperties) = preSolution
		HideSolutionNode = FALSE
	EndGlobalSection
	GlobalSection(ExtensibilityGlobals) = postSolution
		SolutionGuid = {F81F2C52-9AB7-4A29-9FC5-13D47C95D7F2}
	EndGlobalSection
EndGlobal
